
Microsoft Visual Studio Solution File, Format Version 12.00
# Visual Studio 2013
VisualStudioVersion = 12.0.30723.0
MinimumVisualStudioVersion = 10.0.40219.1
Project("{8BC9CEB8-8B4A-11D0-8D11-00A0C91BC942}") = "SphereBot", "SphereBot.vcxproj", "{B62061CD-73AD-4D88-9880-BBC176630B79}"
EndProject
Project("{8BC9CEB8-8B4A-11D0-8D11-00A0C91BC942}") = "serialtesst", "..\..\..\..\Arduino\serialtesst\serialtesst.vcxproj", "{576992F2-6900-455A-98A5-45C2FA378FCB}"
EndProject
Project("{8BC9CEB8-8B4A-11D0-8D11-00A0C91BC942}") = "StepperTest", "..\..\..\..\Arduino\StepperTest\StepperTest.vcxproj", "{F2600556-EA1E-4C12-8623-92A0ED0CE442}"
EndProject
Global
	GlobalSection(SolutionConfigurationPlatforms) = preSolution
		Debug|Win32 = Debug|Win32
		Release|Win32 = Release|Win32
	EndGlobalSection
	GlobalSection(ProjectConfigurationPlatforms) = postSolution
		{B62061CD-73AD-4D88-9880-BBC176630B79}.Debug|Win32.ActiveCfg = Debug|Win32
		{B62061CD-73AD-4D88-9880-BBC176630B79}.Debug|Win32.Build.0 = Debug|Win32
		{B62061CD-73AD-4D88-9880-BBC176630B79}.Release|Win32.ActiveCfg = Release|Win32
		{B62061CD-73AD-4D88-9880-BBC176630B79}.Release|Win32.Build.0 = Release|Win32
		{576992F2-6900-455A-98A5-45C2FA378FCB}.Debug|Win32.ActiveCfg = Debug|Win32
		{576992F2-6900-455A-98A5-45C2FA378FCB}.Debug|Win32.Build.0 = Debug|Win32
		{576992F2-6900-455A-98A5-45C2FA378FCB}.Release|Win32.ActiveCfg = Release|Win32
		{576992F2-6900-455A-98A5-45C2FA378FCB}.Release|Win32.Build.0 = Release|Win32
		{F2600556-EA1E-4C12-8623-92A0ED0CE442}.Debug|Win32.ActiveCfg = Debug|Win32
		{F2600556-EA1E-4C12-8623-92A0ED0CE442}.Debug|Win32.Build.0 = Debug|Win32
		{F2600556-EA1E-4C12-8623-92A0ED0CE442}.Release|Win32.ActiveCfg = Release|Win32
		{F2600556-EA1E-4C12-8623-92A0ED0CE442}.Release|Win32.Build.0 = Release|Win32
	EndGlobalSection
	GlobalSection(SolutionProperties) = preSolution
		HideSolutionNode = FALSE
	EndGlobalSection
EndGlobal
